
Microsoft Visual Studio Solution File, Format Version 12.00
# Visual Studio Version 16
VisualStudioVersion = 16.0.30413.136
MinimumVisualStudioVersion = 10.0.40219.1
Project("{FAE04EC0-301F-11D3-BF4B-00C04F79EFBC}") = "Quiz", "Quiz.csproj", "{F2942636-6276-4E87-9B39-26ACF4A2A35A}"
EndProject
Global
	GlobalSection(SolutionConfigurationPlatforms) = preSolution
		Debug|Any CPU = Debug|Any CPU
		Release|Any CPU = Release|Any CPU
	EndGlobalSection
	GlobalSection(ProjectConfigurationPlatforms) = postSolution
		{F2942636-6276-4E87-9B39-26ACF4A2A35A}.Debug|Any CPU.ActiveCfg = Debug|Any CPU
		{F2942636-6276-4E87-9B39-26ACF4A2A35A}.Debug|Any CPU.Build.0 = Debug|Any CPU
		{F2942636-6276-4E87-9B39-26ACF4A2A35A}.Release|Any CPU.ActiveCfg = Release|Any CPU
		{F2942636-6276-4E87-9B39-26ACF4A2A35A}.Release|Any CPU.Build.0 = Release|Any CPU
	EndGlobalSection
	GlobalSection(SolutionProperties) = preSolution
		HideSolutionNode = FALSE
	EndGlobalSection
	GlobalSection(ExtensibilityGlobals) = postSolution
		SolutionGuid = {1922AE7E-2CED-48A6-B8E0-390070077C9E}
	EndGlobalSection
EndGlobal
